# This file is automatically @generated by Cargo.
# It is not intended for manual editing.
version = 3

[[package]]
name = "blake2b-ref"
version = "0.3.0"
source = "registry+https://github.com/rust-lang/crates.io-index"
checksum = "88756126a7634ad9c13ed0a6da9aa3376a6b7000eb5fcdbb89d153196326bbcd"

[[package]]
name = "das"
version = "0.1.0"
dependencies = [
 "blake2b-ref",
]
